
Microsoft Visual Studio Solution File, Format Version 12.00
# Visual Studio Version 17
VisualStudioVersion = 17.8.34511.84
MinimumVisualStudioVersion = 10.0.40219.1
Project("{FAE04EC0-301F-11D3-BF4B-00C04F79EFBC}") = "Paint quantity requirement", "Paint quantity requirement\Paint quantity requirement.csproj", "{55DF509C-91B7-4323-8939-36179537B379}"
EndProject
Global
	GlobalSection(SolutionConfigurationPlatforms) = preSolution
		Debug|Any CPU = Debug|Any CPU
		Release|Any CPU = Release|Any CPU
	EndGlobalSection
	GlobalSection(ProjectConfigurationPlatforms) = postSolution
		{55DF509C-91B7-4323-8939-36179537B379}.Debug|Any CPU.ActiveCfg = Debug|Any CPU
		{55DF509C-91B7-4323-8939-36179537B379}.Debug|Any CPU.Build.0 = Debug|Any CPU
		{55DF509C-91B7-4323-8939-36179537B379}.Release|Any CPU.ActiveCfg = Release|Any CPU
		{55DF509C-91B7-4323-8939-36179537B379}.Release|Any CPU.Build.0 = Release|Any CPU
	EndGlobalSection
	GlobalSection(SolutionProperties) = preSolution
		HideSolutionNode = FALSE
	EndGlobalSection
	GlobalSection(ExtensibilityGlobals) = postSolution
		SolutionGuid = {B0448C1C-6DA5-4B4D-B607-08F2DC2DC179}
	EndGlobalSection
EndGlobal
