
Microsoft Visual Studio Solution File, Format Version 12.00
# Visual Studio Version 17
VisualStudioVersion = 17.8.34511.84
MinimumVisualStudioVersion = 10.0.40219.1
Project("{FAE04EC0-301F-11D3-BF4B-00C04F79EFBC}") = "Method arrangement", "Method arrangement\Method arrangement.csproj", "{7CE96B06-647D-4E59-8C2A-42ABE43BD4F5}"
EndProject
Global
	GlobalSection(SolutionConfigurationPlatforms) = preSolution
		Debug|Any CPU = Debug|Any CPU
		Release|Any CPU = Release|Any CPU
	EndGlobalSection
	GlobalSection(ProjectConfigurationPlatforms) = postSolution
		{7CE96B06-647D-4E59-8C2A-42ABE43BD4F5}.Debug|Any CPU.ActiveCfg = Debug|Any CPU
		{7CE96B06-647D-4E59-8C2A-42ABE43BD4F5}.Debug|Any CPU.Build.0 = Debug|Any CPU
		{7CE96B06-647D-4E59-8C2A-42ABE43BD4F5}.Release|Any CPU.ActiveCfg = Release|Any CPU
		{7CE96B06-647D-4E59-8C2A-42ABE43BD4F5}.Release|Any CPU.Build.0 = Release|Any CPU
	EndGlobalSection
	GlobalSection(SolutionProperties) = preSolution
		HideSolutionNode = FALSE
	EndGlobalSection
	GlobalSection(ExtensibilityGlobals) = postSolution
		SolutionGuid = {AEE690B2-1B8B-43BD-9051-53FA14AC7C69}
	EndGlobalSection
EndGlobal
