
Microsoft Visual Studio Solution File, Format Version 12.00
# Visual Studio Version 17
VisualStudioVersion = 17.8.34511.84
MinimumVisualStudioVersion = 10.0.40219.1
Project("{FAE04EC0-301F-11D3-BF4B-00C04F79EFBC}") = "Milkbar Icecream managment", "Milkbar Icecream managment\Milkbar Icecream managment.csproj", "{BD3E3C56-ADAC-4303-90A3-798CFCD7E664}"
EndProject
Global
	GlobalSection(SolutionConfigurationPlatforms) = preSolution
		Debug|Any CPU = Debug|Any CPU
		Release|Any CPU = Release|Any CPU
	EndGlobalSection
	GlobalSection(ProjectConfigurationPlatforms) = postSolution
		{BD3E3C56-ADAC-4303-90A3-798CFCD7E664}.Debug|Any CPU.ActiveCfg = Debug|Any CPU
		{BD3E3C56-ADAC-4303-90A3-798CFCD7E664}.Debug|Any CPU.Build.0 = Debug|Any CPU
		{BD3E3C56-ADAC-4303-90A3-798CFCD7E664}.Release|Any CPU.ActiveCfg = Release|Any CPU
		{BD3E3C56-ADAC-4303-90A3-798CFCD7E664}.Release|Any CPU.Build.0 = Release|Any CPU
	EndGlobalSection
	GlobalSection(SolutionProperties) = preSolution
		HideSolutionNode = FALSE
	EndGlobalSection
	GlobalSection(ExtensibilityGlobals) = postSolution
		SolutionGuid = {258A52B2-DD32-496B-BA92-867D60A51F38}
	EndGlobalSection
EndGlobal
